
Microsoft Visual Studio Solution File, Format Version 12.00
# Visual Studio Version 17
VisualStudioVersion = 17.13.35931.197 d17.13
MinimumVisualStudioVersion = 10.0.40219.1
Project("{FAE04EC0-301F-11D3-BF4B-00C04F79EFBC}") = "BegginerProgramming", "CSharpConsoleApp1\BegginerProgramming.csproj", "{6A9F46EF-58D8-4AAF-B4AD-5BD0D14C755E}"
EndProject
Project("{FAE04EC0-301F-11D3-BF4B-00C04F79EFBC}") = "BegginerProgramming2", "BegginerProgramming2\BegginerProgramming2.csproj", "{1C99462E-574F-46A0-8A1F-15FCB763C046}"
EndProject
Project("{FAE04EC0-301F-11D3-BF4B-00C04F79EFBC}") = "BegginerProgramming3", "BegginerProgramming3\BegginerProgramming3.csproj", "{8C3AE1AA-BFB1-4D34-8BBE-7A0B34E18938}"
EndProject
Project("{FAE04EC0-301F-11D3-BF4B-00C04F79EFBC}") = "BegginerProgramming4", "BegginerProgramming4\BegginerProgramming4.csproj", "{BCB8F24F-36CF-4360-BDD1-2855FEC555AB}"
EndProject
Global
	GlobalSection(SolutionConfigurationPlatforms) = preSolution
		Debug|Any CPU = Debug|Any CPU
		Release|Any CPU = Release|Any CPU
	EndGlobalSection
	GlobalSection(ProjectConfigurationPlatforms) = postSolution
		{6A9F46EF-58D8-4AAF-B4AD-5BD0D14C755E}.Debug|Any CPU.ActiveCfg = Debug|Any CPU
		{6A9F46EF-58D8-4AAF-B4AD-5BD0D14C755E}.Debug|Any CPU.Build.0 = Debug|Any CPU
		{6A9F46EF-58D8-4AAF-B4AD-5BD0D14C755E}.Release|Any CPU.ActiveCfg = Release|Any CPU
		{6A9F46EF-58D8-4AAF-B4AD-5BD0D14C755E}.Release|Any CPU.Build.0 = Release|Any CPU
		{1C99462E-574F-46A0-8A1F-15FCB763C046}.Debug|Any CPU.ActiveCfg = Debug|Any CPU
		{1C99462E-574F-46A0-8A1F-15FCB763C046}.Debug|Any CPU.Build.0 = Debug|Any CPU
		{1C99462E-574F-46A0-8A1F-15FCB763C046}.Release|Any CPU.ActiveCfg = Release|Any CPU
		{1C99462E-574F-46A0-8A1F-15FCB763C046}.Release|Any CPU.Build.0 = Release|Any CPU
		{8C3AE1AA-BFB1-4D34-8BBE-7A0B34E18938}.Debug|Any CPU.ActiveCfg = Debug|Any CPU
		{8C3AE1AA-BFB1-4D34-8BBE-7A0B34E18938}.Debug|Any CPU.Build.0 = Debug|Any CPU
		{8C3AE1AA-BFB1-4D34-8BBE-7A0B34E18938}.Release|Any CPU.ActiveCfg = Release|Any CPU
		{8C3AE1AA-BFB1-4D34-8BBE-7A0B34E18938}.Release|Any CPU.Build.0 = Release|Any CPU
		{BCB8F24F-36CF-4360-BDD1-2855FEC555AB}.Debug|Any CPU.ActiveCfg = Debug|Any CPU
		{BCB8F24F-36CF-4360-BDD1-2855FEC555AB}.Debug|Any CPU.Build.0 = Debug|Any CPU
		{BCB8F24F-36CF-4360-BDD1-2855FEC555AB}.Release|Any CPU.ActiveCfg = Release|Any CPU
		{BCB8F24F-36CF-4360-BDD1-2855FEC555AB}.Release|Any CPU.Build.0 = Release|Any CPU
	EndGlobalSection
	GlobalSection(SolutionProperties) = preSolution
		HideSolutionNode = FALSE
	EndGlobalSection
	GlobalSection(ExtensibilityGlobals) = postSolution
		SolutionGuid = {7831440A-D8BD-457B-968B-1CA76B23FD92}
	EndGlobalSection
EndGlobal
